
Microsoft Visual Studio Solution File, Format Version 12.00
# Visual Studio Version 16
VisualStudioVersion = 16.0.29728.190
MinimumVisualStudioVersion = 10.0.40219.1
Project("{FAE04EC0-301F-11D3-BF4B-00C04F79EFBC}") = "RMDataManager", "RMDataManager\RMDataManager.csproj", "{77CED772-742D-4FAF-9511-F94AE94FB072}"
EndProject
Project("{00D1A9C2-B5F0-4AF3-8072-F6C62B433612}") = "RMData", "RMData\RMData.sqlproj", "{1FE9A2B9-CD45-4F2D-967B-6FA5B24D4FDD}"
EndProject
Global
	GlobalSection(SolutionConfigurationPlatforms) = preSolution
		Debug|Any CPU = Debug|Any CPU
		Release|Any CPU = Release|Any CPU
	EndGlobalSection
	GlobalSection(ProjectConfigurationPlatforms) = postSolution
		{77CED772-742D-4FAF-9511-F94AE94FB072}.Debug|Any CPU.ActiveCfg = Debug|Any CPU
		{77CED772-742D-4FAF-9511-F94AE94FB072}.Debug|Any CPU.Build.0 = Debug|Any CPU
		{77CED772-742D-4FAF-9511-F94AE94FB072}.Release|Any CPU.ActiveCfg = Release|Any CPU
		{77CED772-742D-4FAF-9511-F94AE94FB072}.Release|Any CPU.Build.0 = Release|Any CPU
		{1FE9A2B9-CD45-4F2D-967B-6FA5B24D4FDD}.Debug|Any CPU.ActiveCfg = Debug|Any CPU
		{1FE9A2B9-CD45-4F2D-967B-6FA5B24D4FDD}.Debug|Any CPU.Build.0 = Debug|Any CPU
		{1FE9A2B9-CD45-4F2D-967B-6FA5B24D4FDD}.Debug|Any CPU.Deploy.0 = Debug|Any CPU
		{1FE9A2B9-CD45-4F2D-967B-6FA5B24D4FDD}.Release|Any CPU.ActiveCfg = Release|Any CPU
		{1FE9A2B9-CD45-4F2D-967B-6FA5B24D4FDD}.Release|Any CPU.Build.0 = Release|Any CPU
		{1FE9A2B9-CD45-4F2D-967B-6FA5B24D4FDD}.Release|Any CPU.Deploy.0 = Release|Any CPU
	EndGlobalSection
	GlobalSection(SolutionProperties) = preSolution
		HideSolutionNode = FALSE
	EndGlobalSection
	GlobalSection(ExtensibilityGlobals) = postSolution
		SolutionGuid = {D88188A0-D95D-4F70-995D-728167F52D02}
	EndGlobalSection
EndGlobal
